# THIS IS AN AUTOGENERATED FILE. DO NOT EDIT THIS FILE DIRECTLY.
# yarn lockfile v1


csv-generate@^2.2.2:
  version "2.2.2"
  resolved "https://registry.yarnpkg.com/csv-generate/-/csv-generate-2.2.2.tgz#c37808c5f3ead2deec940794073dd32d492adfd1"
  integrity sha512-ETG8JGG0xOt2f1JzxrAcQONVc4+7srUdXeyLnow60ntBr+qiNCFTqi+ME6g0vZ4hMCbrwNrDPJPOYVznAeDDHQ==

csv-parse@^3.1.2:
  version "3.2.0"
  resolved "https://registry.yarnpkg.com/csv-parse/-/csv-parse-3.2.0.tgz#9043b5921e7ecd5e3110947df1ef00d290dbeca7"
  integrity sha512-1IBQ7PYHc5h6AXS4nyGsmicttbpUbNvlsgKxhvouh+kRaVug8xBWSiIeWdbPUQgjKG88hEGYjdU29fX73mo+6Q==

csv-stringify@^4.3.1:
  version "4.3.1"
  resolved "https://registry.yarnpkg.com/csv-stringify/-/csv-stringify-4.3.1.tgz#7bee36f746ef555dd481a735a9e2938965f8478b"
  integrity sha512-VRjPYIUzex5kfbsOY7LaJcNE2qMWGQQAanb3/Vv85WbOgA+dAfDNfwntRvv335icJgGYrnTX403WxJxRVpLDFA==
  dependencies:
    lodash.get "~4.4.2"

csv@^4.0.0:
  version "4.0.0"
  resolved "https://registry.yarnpkg.com/csv/-/csv-4.0.0.tgz#c7de44b9a0fd47f7a10db24064519f642a7ce92d"
  integrity sha512-rj3+HMMIKskeiipg0VkFSx7o8FhrNSfIb1nLT6AkJ0gx7mdGU5JsJGv4tmk0vl1jV/h/TfWJOwh1tpbbhVqNKA==
  dependencies:
    csv-generate "^2.2.2"
    csv-parse "^3.1.2"
    csv-stringify "^4.3.1"
    stream-transform "^1.0.7"

lex@^1.7.9:
  version "1.7.9"
  resolved "https://registry.yarnpkg.com/lex/-/lex-1.7.9.tgz#5d5636ccef574348362938b79a47f0eed8ed0d43"
  integrity sha1-XVY2zO9XQ0g2KTi3mkfw7tjtDUM=

lodash.get@~4.4.2:
  version "4.4.2"
  resolved "https://registry.yarnpkg.com/lodash.get/-/lodash.get-4.4.2.tgz#2d177f652fa31e939b4438d5341499dfa3825e99"
  integrity sha1-LRd/ZS+jHpObRDjVNBSZ36OCXpk=

lodash@^4.17.11:
  version "4.17.20"
  resolved "https://registry.yarnpkg.com/lodash/-/lodash-4.17.20.tgz#b44a9b6297bcb698f1c51a3545a2b3b368d59c52"
  integrity sha512-PlhdFcillOINfeV7Ni6oF1TAEayyZBoZ8bcshTHqOYJYlrqzRK5hagpagky5o4HfCzzd1TRkXPMFq6cKk9rGmA==

lz-string@^1.4.4:
  version "1.4.4"
  resolved "https://registry.yarnpkg.com/lz-string/-/lz-string-1.4.4.tgz#c0d8eaf36059f705796e1e344811cf4c498d3a26"
  integrity sha1-wNjq82BZ9wV5bh40SBHPTEmNOiY=

nodemailer@^6.9.8:
  version "6.9.8"
  resolved "https://registry.yarnpkg.com/nodemailer/-/nodemailer-6.9.8.tgz#29601e80440f2af7aa62b32758fdac7c6b784143"
  integrity sha512-cfrYUk16e67Ks051i4CntM9kshRYei1/o/Gi8K1d+R34OIs21xdFnW7Pt7EucmVKA0LKtqUGNcjMZ7ehjl49mQ==

stream-transform@^1.0.7:
  version "1.0.8"
  resolved "https://registry.yarnpkg.com/stream-transform/-/stream-transform-1.0.8.tgz#54f721122d310eca855a16c97939881ab5bbb76c"
  integrity sha512-1q+dL790Ps0NV33rISMq9OLtfDA9KMJZdo1PHZXE85orrWsM4FAh8CVyAOTHO0rhyeM138KNPngBPrx33bFsxw==
